[[package]]
category = "dev"
description = "Screen-scraping library"
name = "beautifulsoup4"
optional = false
python-versions = "*"
version = "4.9.1"

[package.dependencies]
soupsieve = [">1.2", "<2.0"]

[package.extras]
html5lib = ["html5lib"]
lxml = ["lxml"]

[[package]]
category = "dev"
description = "Python package for providing Mozilla's CA Bundle."
name = "certifi"
optional = false
python-versions = "*"
version = "2020.6.20"

[[package]]
category = "main"
description = "Foreign Function Interface for Python calling C code."
name = "cffi"
optional = false
python-versions = "*"
version = "1.14.2"

[package.dependencies]
pycparser = "*"

[[package]]
category = "dev"
description = "Universal encoding detector for Python 2 and 3"
name = "chardet"
optional = false
python-versions = "*"
version = "3.0.4"

[[package]]
category = "main"
description = "cryptography is a package which provides cryptographic recipes and primitives to Python developers."
name = "cryptography"
optional = false
python-versions = ">=2.7,!=3.0.*,!=3.1.*,!=3.2.*,!=3.3.*,!=3.4.*"
version = "3.1"

[package.dependencies]
cffi = ">=1.8,<1.11.3 || >1.11.3"
six = ">=1.4.1"

[package.extras]
docs = ["sphinx (>=1.6.5,<1.8.0 || >1.8.0,<3.1.0 || >3.1.0,<3.1.1 || >3.1.1)", "sphinx-rtd-theme"]
docstest = ["doc8", "pyenchant (>=1.6.11)", "twine (>=1.12.0)", "sphinxcontrib-spelling (>=4.0.1)"]
pep8test = ["black", "flake8", "flake8-import-order", "pep8-naming"]
ssh = ["bcrypt (>=3.1.5)"]
test = ["pytest (>=3.6.0,<3.9.0 || >3.9.0,<3.9.1 || >3.9.1,<3.9.2 || >3.9.2)", "pretend", "iso8601", "pytz", "hypothesis (>=1.11.4,<3.79.2 || >3.79.2)"]

[[package]]
category = "dev"
description = "XML bomb protection for Python stdlib modules"
name = "defusedxml"
optional = false
python-versions = ">=2.7, !=3.0.*, !=3.1.*, !=3.2.*, !=3.3.*, !=3.4.*"
version = "0.6.0"

[[package]]
category = "main"
description = "A high-level Python Web framework that encourages rapid development and clean, pragmatic design."
name = "django"
optional = false
python-versions = ">=3.5"
version = "2.2.16"

[package.dependencies]
pytz = "*"
sqlparse = ">=0.2.2"

[package.extras]
argon2 = ["argon2-cffi (>=16.1.0)"]
bcrypt = ["bcrypt"]

[[package]]
category = "dev"
description = "Integrated set of Django applications addressing authentication, registration, account management as well as 3rd party (social) account authentication."
name = "django-allauth"
optional = false
python-versions = "*"
version = "0.40.0"

[package.dependencies]
Django = ">=1.11"
python3-openid = ">=3.0.8"
requests = "*"
requests-oauthlib = ">=0.3.0"

[[package]]
category = "main"
description = "A helper class for handling configuration defaults of packaged apps gracefully."
name = "django-appconf"
optional = false
python-versions = "*"
version = "1.0.4"

[package.dependencies]
django = "*"

[[package]]
category = "main"
description = "Custom Django field for using enumerations of named constants"
name = "django-enumfield"
optional = false
python-versions = "*"
version = "2.0.2"

[package.dependencies]
six = ">=1.10.0"

[package.extras]
dev = ["black", "isort", "django", "mypy", "django-stubs", "djangorestframework-stubs"]

[[package]]
category = "dev"
description = "Internationalized Domain Names in Applications (IDNA)"
name = "idna"
optional = false
python-versions = ">=2.7, !=3.0.*, !=3.1.*, !=3.2.*, !=3.3.*"
version = "2.10"

[[package]]
category = "main"
description = "Utilities based on Pythons iterators and generators."
name = "iteration-utilities"
optional = false
python-versions = ">=3.5"
version = "0.10.1"

[package.extras]
all = ["pytest", "sphinx", "numpydoc"]
doc = ["sphinx", "numpydoc"]
test = ["pytest"]

[[package]]
category = "dev"
description = "A generic, spec-compliant, thorough implementation of the OAuth request-signing logic"
name = "oauthlib"
optional = false
python-versions = ">=2.7, !=3.0.*, !=3.1.*, !=3.2.*, !=3.3.*"
version = "3.1.0"

[package.extras]
rsa = ["cryptography"]
signals = ["blinker"]
signedtoken = ["cryptography", "pyjwt (>=1.0.0)"]

[[package]]
category = "main"
description = "User notification management for the Django web framework"
name = "pinax-notifications"
optional = false
python-versions = "*"
version = "6.0.0"

[package.dependencies]
django = ">=2.2"
django-appconf = ">=1.0.1"

[[package]]
category = "main"
description = "C parser in Python"
name = "pycparser"
optional = false
python-versions = ">=2.7, !=3.0.*, !=3.1.*, !=3.2.*, !=3.3.*"
version = "2.20"

[[package]]
category = "main"
description = "Pygments is a syntax highlighting package written in Python."
name = "pygments"
optional = false
python-versions = ">=3.5"
version = "2.6.1"

[[package]]
category = "dev"
description = "OpenID support for modern servers and consumers."
name = "python3-openid"
optional = false
python-versions = "*"
version = "3.2.0"

[package.dependencies]
defusedxml = "*"

[package.extras]
mysql = ["mysql-connector-python"]
postgresql = ["psycopg2"]

[[package]]
category = "main"
description = "World timezone definitions, modern and historical"
name = "pytz"
optional = false
python-versions = "*"
version = "2020.1"

[[package]]
category = "main"
description = "This is literally an exact clone of unittest (from Python 2.7), but with colors."
name = "redgreenunittest"
optional = false
python-versions = "*"
version = "0.1.1"

[package.dependencies]
Pygments = "*"

[[package]]
category = "dev"
description = "Python HTTP for Humans."
name = "requests"
optional = false
python-versions = ">=2.7, !=3.0.*, !=3.1.*, !=3.2.*, !=3.3.*, !=3.4.*"
version = "2.24.0"

[package.dependencies]
certifi = ">=2017.4.17"
chardet = ">=3.0.2,<4"
idna = ">=2.5,<3"
urllib3 = ">=1.21.1,<1.25.0 || >1.25.0,<1.25.1 || >1.25.1,<1.26"

[package.extras]
security = ["pyOpenSSL (>=0.14)", "cryptography (>=1.3.4)"]
socks = ["PySocks (>=1.5.6,<1.5.7 || >1.5.7)", "win-inet-pton"]

[[package]]
category = "dev"
description = "OAuthlib authentication support for Requests."
name = "requests-oauthlib"
optional = false
python-versions = ">=2.7, !=3.0.*, !=3.1.*, !=3.2.*, !=3.3.*"
version = "1.3.0"

[package.dependencies]
oauthlib = ">=3.0.0"
requests = ">=2.0.0"

[package.extras]
rsa = ["oauthlib (>=3.0.0)"]

[[package]]
category = "main"
description = "Python 2 and 3 compatibility utilities"
name = "six"
optional = false
python-versions = ">=2.7, !=3.0.*, !=3.1.*, !=3.2.*"
version = "1.15.0"

[[package]]
category = "dev"
description = "A modern CSS selector implementation for Beautiful Soup."
name = "soupsieve"
optional = false
python-versions = "*"
version = "1.9.6"

[[package]]
category = "main"
description = "Non-validating SQL parser"
name = "sqlparse"
optional = false
python-versions = ">=2.7, !=3.0.*, !=3.1.*, !=3.2.*, !=3.3.*"
version = "0.3.1"

[[package]]
category = "dev"
description = "HTTP library with thread-safe connection pooling, file post, and more."
name = "urllib3"
optional = false
python-versions = ">=2.7, !=3.0.*, !=3.1.*, !=3.2.*, !=3.3.*, !=3.4.*, <4"
version = "1.25.10"

[package.extras]
brotli = ["brotlipy (>=0.6.0)"]
secure = ["certifi", "cryptography (>=1.3.4)", "idna (>=2.0.0)", "pyOpenSSL (>=0.14)", "ipaddress"]
socks = ["PySocks (>=1.5.6,<1.5.7 || >1.5.7,<2.0)"]

[metadata]
content-hash = "740e0681c8aac9226b5e0ebe083d04e021183b97a121e83a943f728efbb886e8"
lock-version = "1.0"
python-versions = "^3.7"

[metadata.files]
beautifulsoup4 = [
    {file = "beautifulsoup4-4.9.1-py2-none-any.whl", hash = "sha256:e718f2342e2e099b640a34ab782407b7b676f47ee272d6739e60b8ea23829f2c"},
    {file = "beautifulsoup4-4.9.1-py3-none-any.whl", hash = "sha256:a6237df3c32ccfaee4fd201c8f5f9d9df619b93121d01353a64a73ce8c6ef9a8"},
    {file = "beautifulsoup4-4.9.1.tar.gz", hash = "sha256:73cc4d115b96f79c7d77c1c7f7a0a8d4c57860d1041df407dd1aae7f07a77fd7"},
]
certifi = [
    {file = "certifi-2020.6.20-py2.py3-none-any.whl", hash = "sha256:8fc0819f1f30ba15bdb34cceffb9ef04d99f420f68eb75d901e9560b8749fc41"},
    {file = "certifi-2020.6.20.tar.gz", hash = "sha256:5930595817496dd21bb8dc35dad090f1c2cd0adfaf21204bf6732ca5d8ee34d3"},
]
cffi = [
    {file = "cffi-1.14.2-cp27-cp27m-macosx_10_9_x86_64.whl", hash = "sha256:da9d3c506f43e220336433dffe643fbfa40096d408cb9b7f2477892f369d5f82"},
    {file = "cffi-1.14.2-cp27-cp27m-manylinux1_i686.whl", hash = "sha256:23e44937d7695c27c66a54d793dd4b45889a81b35c0751ba91040fe825ec59c4"},
    {file = "cffi-1.14.2-cp27-cp27m-manylinux1_x86_64.whl", hash = "sha256:0da50dcbccd7cb7e6c741ab7912b2eff48e85af217d72b57f80ebc616257125e"},
    {file = "cffi-1.14.2-cp27-cp27m-win32.whl", hash = "sha256:76ada88d62eb24de7051c5157a1a78fd853cca9b91c0713c2e973e4196271d0c"},
    {file = "cffi-1.14.2-cp27-cp27m-win_amd64.whl", hash = "sha256:15a5f59a4808f82d8ec7364cbace851df591c2d43bc76bcbe5c4543a7ddd1bf1"},
    {file = "cffi-1.14.2-cp27-cp27mu-manylinux1_i686.whl", hash = "sha256:e4082d832e36e7f9b2278bc774886ca8207346b99f278e54c9de4834f17232f7"},
    {file = "cffi-1.14.2-cp27-cp27mu-manylinux1_x86_64.whl", hash = "sha256:57214fa5430399dffd54f4be37b56fe22cedb2b98862550d43cc085fb698dc2c"},
    {file = "cffi-1.14.2-cp35-cp35m-macosx_10_9_x86_64.whl", hash = "sha256:6843db0343e12e3f52cc58430ad559d850a53684f5b352540ca3f1bc56df0731"},
    {file = "cffi-1.14.2-cp35-cp35m-manylinux1_i686.whl", hash = "sha256:577791f948d34d569acb2d1add5831731c59d5a0c50a6d9f629ae1cefd9ca4a0"},
    {file = "cffi-1.14.2-cp35-cp35m-manylinux1_x86_64.whl", hash = "sha256:8662aabfeab00cea149a3d1c2999b0731e70c6b5bac596d95d13f643e76d3d4e"},
    {file = "cffi-1.14.2-cp35-cp35m-win32.whl", hash = "sha256:837398c2ec00228679513802e3744d1e8e3cb1204aa6ad408b6aff081e99a487"},
    {file = "cffi-1.14.2-cp35-cp35m-win_amd64.whl", hash = "sha256:bf44a9a0141a082e89c90e8d785b212a872db793a0080c20f6ae6e2a0ebf82ad"},
    {file = "cffi-1.14.2-cp36-cp36m-macosx_10_9_x86_64.whl", hash = "sha256:29c4688ace466a365b85a51dcc5e3c853c1d283f293dfcc12f7a77e498f160d2"},
    {file = "cffi-1.14.2-cp36-cp36m-manylinux1_i686.whl", hash = "sha256:99cc66b33c418cd579c0f03b77b94263c305c389cb0c6972dac420f24b3bf123"},
    {file = "cffi-1.14.2-cp36-cp36m-manylinux1_x86_64.whl", hash = "sha256:65867d63f0fd1b500fa343d7798fa64e9e681b594e0a07dc934c13e76ee28fb1"},
    {file = "cffi-1.14.2-cp36-cp36m-win32.whl", hash = "sha256:f5033952def24172e60493b68717792e3aebb387a8d186c43c020d9363ee7281"},
    {file = "cffi-1.14.2-cp36-cp36m-win_amd64.whl", hash = "sha256:7057613efefd36cacabbdbcef010e0a9c20a88fc07eb3e616019ea1692fa5df4"},
    {file = "cffi-1.14.2-cp37-cp37m-macosx_10_9_x86_64.whl", hash = "sha256:6539314d84c4d36f28d73adc1b45e9f4ee2a89cdc7e5d2b0a6dbacba31906798"},
    {file = "cffi-1.14.2-cp37-cp37m-manylinux1_i686.whl", hash = "sha256:672b539db20fef6b03d6f7a14b5825d57c98e4026401fce838849f8de73fe4d4"},
    {file = "cffi-1.14.2-cp37-cp37m-manylinux1_x86_64.whl", hash = "sha256:95e9094162fa712f18b4f60896e34b621df99147c2cee216cfa8f022294e8e9f"},
    {file = "cffi-1.14.2-cp37-cp37m-win32.whl", hash = "sha256:b9aa9d8818c2e917fa2c105ad538e222a5bce59777133840b93134022a7ce650"},
    {file = "cffi-1.14.2-cp37-cp37m-win_amd64.whl", hash = "sha256:e4b9b7af398c32e408c00eb4e0d33ced2f9121fd9fb978e6c1b57edd014a7d15"},
    {file = "cffi-1.14.2-cp38-cp38-macosx_10_9_x86_64.whl", hash = "sha256:e613514a82539fc48291d01933951a13ae93b6b444a88782480be32245ed4afa"},
    {file = "cffi-1.14.2-cp38-cp38-manylinux1_i686.whl", hash = "sha256:9b219511d8b64d3fa14261963933be34028ea0e57455baf6781fe399c2c3206c"},
    {file = "cffi-1.14.2-cp38-cp38-manylinux1_x86_64.whl", hash = "sha256:c0b48b98d79cf795b0916c57bebbc6d16bb43b9fc9b8c9f57f4cf05881904c75"},
    {file = "cffi-1.14.2-cp38-cp38-win32.whl", hash = "sha256:15419020b0e812b40d96ec9d369b2bc8109cc3295eac6e013d3261343580cc7e"},
    {file = "cffi-1.14.2-cp38-cp38-win_amd64.whl", hash = "sha256:12a453e03124069b6896107ee133ae3ab04c624bb10683e1ed1c1663df17c13c"},
    {file = "cffi-1.14.2.tar.gz", hash = "sha256:ae8f34d50af2c2154035984b8b5fc5d9ed63f32fe615646ab435b05b132ca91b"},
]
chardet = [
    {file = "chardet-3.0.4-py2.py3-none-any.whl", hash = "sha256:fc323ffcaeaed0e0a02bf4d117757b98aed530d9ed4531e3e15460124c106691"},
    {file = "chardet-3.0.4.tar.gz", hash = "sha256:84ab92ed1c4d4f16916e05906b6b75a6c0fb5db821cc65e70cbd64a3e2a5eaae"},
]
cryptography = [
    {file = "cryptography-3.1-cp27-cp27m-macosx_10_10_x86_64.whl", hash = "sha256:969ae512a250f869c1738ca63be843488ff5cc031987d302c1f59c7dbe1b225f"},
    {file = "cryptography-3.1-cp27-cp27m-manylinux1_x86_64.whl", hash = "sha256:b45ab1c6ece7c471f01c56f5d19818ca797c34541f0b2351635a5c9fe09ac2e0"},
    {file = "cryptography-3.1-cp27-cp27m-manylinux2010_x86_64.whl", hash = "sha256:247df238bc05c7d2e934a761243bfdc67db03f339948b1e2e80c75d41fc7cc36"},
    {file = "cryptography-3.1-cp27-cp27m-win32.whl", hash = "sha256:10c9775a3f31610cf6b694d1fe598f2183441de81cedcf1814451ae53d71b13a"},
    {file = "cryptography-3.1-cp27-cp27m-win_amd64.whl", hash = "sha256:9f734423eb9c2ea85000aa2476e0d7a58e021bc34f0a373ac52a5454cd52f791"},
    {file = "cryptography-3.1-cp27-cp27mu-manylinux1_x86_64.whl", hash = "sha256:e7563eb7bc5c7e75a213281715155248cceba88b11cb4b22957ad45b85903761"},
    {file = "cryptography-3.1-cp27-cp27mu-manylinux2010_x86_64.whl", hash = "sha256:94191501e4b4009642be21dde2a78bd3c2701a81ee57d3d3d02f1d99f8b64a9e"},
    {file = "cryptography-3.1-cp35-abi3-macosx_10_10_x86_64.whl", hash = "sha256:dc3f437ca6353979aace181f1b790f0fc79e446235b14306241633ab7d61b8f8"},
    {file = "cryptography-3.1-cp35-abi3-manylinux1_x86_64.whl", hash = "sha256:725875681afe50b41aee7fdd629cedbc4720bab350142b12c55c0a4d17c7416c"},
    {file = "cryptography-3.1-cp35-abi3-manylinux2010_x86_64.whl", hash = "sha256:321761d55fb7cb256b771ee4ed78e69486a7336be9143b90c52be59d7657f50f"},
    {file = "cryptography-3.1-cp35-abi3-manylinux2014_aarch64.whl", hash = "sha256:2a27615c965173c4c88f2961cf18115c08fedfb8bdc121347f26e8458dc6d237"},
    {file = "cryptography-3.1-cp35-cp35m-win32.whl", hash = "sha256:e7dad66a9e5684a40f270bd4aee1906878193ae50a4831922e454a2a457f1716"},
    {file = "cryptography-3.1-cp35-cp35m-win_amd64.whl", hash = "sha256:4005b38cd86fc51c955db40b0f0e52ff65340874495af72efabb1bb8ca881695"},
    {file = "cryptography-3.1-cp36-abi3-win32.whl", hash = "sha256:cc6096c86ec0de26e2263c228fb25ee01c3ff1346d3cfc219d67d49f303585af"},
    {file = "cryptography-3.1-cp36-abi3-win_amd64.whl", hash = "sha256:2e26223ac636ca216e855748e7d435a1bf846809ed12ed898179587d0cf74618"},
    {file = "cryptography-3.1-cp36-cp36m-win32.whl", hash = "sha256:7a63e97355f3cd77c94bd98c59cb85fe0efd76ea7ef904c9b0316b5bbfde6ed1"},
    {file = "cryptography-3.1-cp36-cp36m-win_amd64.whl", hash = "sha256:4b9e96543d0784acebb70991ebc2dbd99aa287f6217546bb993df22dd361d41c"},
    {file = "cryptography-3.1-cp37-cp37m-win32.whl", hash = "sha256:eb80a288e3cfc08f679f95da72d2ef90cb74f6d8a8ba69d2f215c5e110b2ca32"},
    {file = "cryptography-3.1-cp37-cp37m-win_amd64.whl", hash = "sha256:180c9f855a8ea280e72a5d61cf05681b230c2dce804c48e9b2983f491ecc44ed"},
    {file = "cryptography-3.1-cp38-cp38-win32.whl", hash = "sha256:fa7fbcc40e2210aca26c7ac8a39467eae444d90a2c346cbcffd9133a166bcc67"},
    {file = "cryptography-3.1-cp38-cp38-win_amd64.whl", hash = "sha256:548b0818e88792318dc137d8b1ec82a0ab0af96c7f0603a00bb94f896fbf5e10"},
    {file = "cryptography-3.1.tar.gz", hash = "sha256:26409a473cc6278e4c90f782cd5968ebad04d3911ed1c402fc86908c17633e08"},
]
defusedxml = [
    {file = "defusedxml-0.6.0-py2.py3-none-any.whl", hash = "sha256:6687150770438374ab581bb7a1b327a847dd9c5749e396102de3fad4e8a3ef93"},
    {file = "defusedxml-0.6.0.tar.gz", hash = "sha256:f684034d135af4c6cbb949b8a4d2ed61634515257a67299e5f940fbaa34377f5"},
]
django = [
    {file = "Django-2.2.16-py3-none-any.whl", hash = "sha256:83ced795a0f239f41d8ecabf51cc5fad4b97462a6008dc12e5af3cb9288724ec"},
    {file = "Django-2.2.16.tar.gz", hash = "sha256:62cf45e5ee425c52e411c0742e641a6588b7e8af0d2c274a27940931b2786594"},
]
django-allauth = [
    {file = "django-allauth-0.40.0.tar.gz", hash = "sha256:6a189fc4d3ee23596c3fd6e9f49c59b5b15618980118171a50675dd6a27cc589"},
]
django-appconf = [
    {file = "django-appconf-1.0.4.tar.gz", hash = "sha256:be58deb54a43d77d2e1621fe59f787681376d3cd0b8bd8e4758ef6c3a6453380"},
    {file = "django_appconf-1.0.4-py2.py3-none-any.whl", hash = "sha256:1b1d0e1069c843ebe8ae5aa48ec52403b1440402b320c3e3a206a0907e97bb06"},
]
django-enumfield = [
    {file = "django-enumfield-2.0.2.tar.gz", hash = "sha256:e5fe9826b5f6c5372c70ab82d9afa126fac932a88af2ae46b530b9ef520b1c8f"},
    {file = "django_enumfield-2.0.2-py2.py3-none-any.whl", hash = "sha256:4a237885151bf36b94f084cdb652fda6dcf1b2d3796b8d31764c33d30cfd478f"},
]
idna = [
    {file = "idna-2.10-py2.py3-none-any.whl", hash = "sha256:b97d804b1e9b523befed77c48dacec60e6dcb0b5391d57af6a65a312a90648c0"},
    {file = "idna-2.10.tar.gz", hash = "sha256:b307872f855b18632ce0c21c5e45be78c0ea7ae4c15c828c20788b26921eb3f6"},
]
iteration-utilities = [
    {file = "iteration_utilities-0.10.1-cp35-cp35m-manylinux1_i686.whl", hash = "sha256:958c2aa52795d1100d9caffc3ed6aeda0e23577e3bc5694b3c8b6177c85fa57d"},
    {file = "iteration_utilities-0.10.1-cp35-cp35m-manylinux1_x86_64.whl", hash = "sha256:209e8a7b224445b66e8114392d7c8be7dc16a5d8d9cbdfca05592c460e037ad0"},
    {file = "iteration_utilities-0.10.1-cp35-cp35m-manylinux2010_x86_64.whl", hash = "sha256:2fdd48be4cd26df65b7687761407e7d2cd7c9c4f50c9da2f6e0eda48d07a6523"},
    {file = "iteration_utilities-0.10.1-cp36-cp36m-macosx_10_13_x86_64.whl", hash = "sha256:a64e08b510c7599b6819a56634aa2b1049207e4402d7ff99f9d4931fd6453e0e"},
    {file = "iteration_utilities-0.10.1-cp36-cp36m-manylinux1_i686.whl", hash = "sha256:aa36a008900f3bedbb62407ffd4a5acd45f7332979a9be93a3d9f501e1fbbdb0"},
    {file = "iteration_utilities-0.10.1-cp36-cp36m-manylinux1_x86_64.whl", hash = "sha256:6795db5161de263d606940a1994ab599ad608f6c0ff3229591776bb6898c0b8e"},
    {file = "iteration_utilities-0.10.1-cp36-cp36m-manylinux2010_x86_64.whl", hash = "sha256:37b0f69583560f6c874b7bb7eb20ccaa6ee1a30858bee4e2d252ca6e8da744e0"},
    {file = "iteration_utilities-0.10.1-cp36-cp36m-win32.whl", hash = "sha256:0128d3a4de0fada287304c603eee5cb09a454be7c708eee2330232791422afff"},
    {file = "iteration_utilities-0.10.1-cp36-cp36m-win_amd64.whl", hash = "sha256:a985a46a05ff93e16966afd115c89bea5ddd8628593ac11a5208ac46ba69a120"},
    {file = "iteration_utilities-0.10.1-cp37-cp37m-macosx_10_13_x86_64.whl", hash = "sha256:fb3071c217f26f1cd3eb00f017522fb2366ce1cd8a9aa26b5786ea273faba61a"},
    {file = "iteration_utilities-0.10.1-cp37-cp37m-manylinux1_i686.whl", hash = "sha256:ab514ba77e5bcde7f9950c481d4375b0a8936a96d242b3f05031bd9c4abf85cc"},
    {file = "iteration_utilities-0.10.1-cp37-cp37m-manylinux1_x86_64.whl", hash = "sha256:823573874438f947e003483e682d3d4e133098efbd073be03aa63f69113e957a"},
    {file = "iteration_utilities-0.10.1-cp37-cp37m-manylinux2010_x86_64.whl", hash = "sha256:8bc6bb9ec4ac8a93dc0c6eb8eb6eab454b42dfa1f4caf9e90eb2774d6f5874c3"},
    {file = "iteration_utilities-0.10.1-cp37-cp37m-win32.whl", hash = "sha256:20463e245382ba3ae245f106b6b5b2785461ad09d50bf7ba3e856493fea31feb"},
    {file = "iteration_utilities-0.10.1-cp37-cp37m-win_amd64.whl", hash = "sha256:fbb7d325bf425f2a6090382b24ad3d596cbaf4cfcce826f409253116dc8f2c61"},
    {file = "iteration_utilities-0.10.1-cp38-cp38-macosx_10_13_x86_64.whl", hash = "sha256:1ffd5c005ef6bc6f16477b97b2f45426b59a519bb4fee7439089b2c02941f8ca"},
    {file = "iteration_utilities-0.10.1-cp38-cp38-manylinux1_i686.whl", hash = "sha256:2e4b879e8ef248741eac50095e09437014e6e96768dba15bceff9689a8931c72"},
    {file = "iteration_utilities-0.10.1-cp38-cp38-manylinux1_x86_64.whl", hash = "sha256:952afb5a8d41211ffde7fe88178aaf76745a9024ada7d093ce4949d905e3321c"},
    {file = "iteration_utilities-0.10.1-cp38-cp38-manylinux2010_x86_64.whl", hash = "sha256:e634c9d1f9f4c2276617e6c106ce7b3a36db83aa68d75a59a010a2fc242375f4"},
    {file = "iteration_utilities-0.10.1-cp38-cp38-win32.whl", hash = "sha256:82bd428ae468b01230d5415f98373256067cf17ce7f754f031f1c7f43e322f52"},
    {file = "iteration_utilities-0.10.1-cp38-cp38-win_amd64.whl", hash = "sha256:8233731c39d614b4939557fa409b57fe136c7570aa54d57bffe0271fe9682424"},
    {file = "iteration_utilities-0.10.1.tar.gz", hash = "sha256:536e3e87c5c139c775f9d95bb771c4b366a1d58eb7a39436d4ac839b53742569"},
]
oauthlib = [
    {file = "oauthlib-3.1.0-py2.py3-none-any.whl", hash = "sha256:df884cd6cbe20e32633f1db1072e9356f53638e4361bef4e8b03c9127c9328ea"},
    {file = "oauthlib-3.1.0.tar.gz", hash = "sha256:bee41cc35fcca6e988463cacc3bcb8a96224f470ca547e697b604cc697b2f889"},
]
pinax-notifications = [
    {file = "pinax-notifications-6.0.0.tar.gz", hash = "sha256:ca6effcab2cdc5b9863b9434fd8c78ae7738b0c2b94aec28c25730aa4ff50578"},
    {file = "pinax_notifications-6.0.0-py3-none-any.whl", hash = "sha256:e86d96fc69d2b2d2feae4a4bfc715b35c88a5fb6fcf8f569264559465fd6e367"},
]
pycparser = [
    {file = "pycparser-2.20-py2.py3-none-any.whl", hash = "sha256:7582ad22678f0fcd81102833f60ef8d0e57288b6b5fb00323d101be910e35705"},
    {file = "pycparser-2.20.tar.gz", hash = "sha256:2d475327684562c3a96cc71adf7dc8c4f0565175cf86b6d7a404ff4c771f15f0"},
]
pygments = [
    {file = "Pygments-2.6.1-py3-none-any.whl", hash = "sha256:ff7a40b4860b727ab48fad6360eb351cc1b33cbf9b15a0f689ca5353e9463324"},
    {file = "Pygments-2.6.1.tar.gz", hash = "sha256:647344a061c249a3b74e230c739f434d7ea4d8b1d5f3721bc0f3558049b38f44"},
]
python3-openid = [
    {file = "python3-openid-3.2.0.tar.gz", hash = "sha256:33fbf6928f401e0b790151ed2b5290b02545e8775f982485205a066f874aaeaf"},
    {file = "python3_openid-3.2.0-py3-none-any.whl", hash = "sha256:6626f771e0417486701e0b4daff762e7212e820ca5b29fcc0d05f6f8736dfa6b"},
]
pytz = [
    {file = "pytz-2020.1-py2.py3-none-any.whl", hash = "sha256:a494d53b6d39c3c6e44c3bec237336e14305e4f29bbf800b599253057fbb79ed"},
    {file = "pytz-2020.1.tar.gz", hash = "sha256:c35965d010ce31b23eeb663ed3cc8c906275d6be1a34393a1d73a41febf4a048"},
]
redgreenunittest = [
    {file = "redgreenunittest-0.1.1-py2.7.egg", hash = "sha256:7cbf5ffdc3cffe57e0f2e1312d07ee6ad162a1ea9bc45e89cad32239708f4cd4"},
    {file = "redgreenunittest-0.1.1.macosx-10.9-intel.tar.gz", hash = "sha256:3543283003a3da61705544794b843fbb766f3cf22dfb133fc56c24104578c2d8"},
    {file = "redgreenunittest-0.1.1.tar.gz", hash = "sha256:94f98a8928f80f4bf216e316062cd7d7af134d922287e73f59cab0f3262d87b4"},
]
requests = [
    {file = "requests-2.24.0-py2.py3-none-any.whl", hash = "sha256:fe75cc94a9443b9246fc7049224f75604b113c36acb93f87b80ed42c44cbb898"},
    {file = "requests-2.24.0.tar.gz", hash = "sha256:b3559a131db72c33ee969480840fff4bb6dd111de7dd27c8ee1f820f4f00231b"},
]
requests-oauthlib = [
    {file = "requests-oauthlib-1.3.0.tar.gz", hash = "sha256:b4261601a71fd721a8bd6d7aa1cc1d6a8a93b4a9f5e96626f8e4d91e8beeaa6a"},
    {file = "requests_oauthlib-1.3.0-py2.py3-none-any.whl", hash = "sha256:7f71572defaecd16372f9006f33c2ec8c077c3cfa6f5911a9a90202beb513f3d"},
    {file = "requests_oauthlib-1.3.0-py3.7.egg", hash = "sha256:fa6c47b933f01060936d87ae9327fead68768b69c6c9ea2109c48be30f2d4dbc"},
]
six = [
    {file = "six-1.15.0-py2.py3-none-any.whl", hash = "sha256:8b74bedcbbbaca38ff6d7491d76f2b06b3592611af620f8426e82dddb04a5ced"},
    {file = "six-1.15.0.tar.gz", hash = "sha256:30639c035cdb23534cd4aa2dd52c3bf48f06e5f4a941509c8bafd8ce11080259"},
]
soupsieve = [
    {file = "soupsieve-1.9.6-py2.py3-none-any.whl", hash = "sha256:feb1e937fa26a69e08436aad4a9037cd7e1d4c7212909502ba30701247ff8abd"},
    {file = "soupsieve-1.9.6.tar.gz", hash = "sha256:7985bacc98c34923a439967c1a602dc4f1e15f923b6fcf02344184f86cc7efaa"},
]
sqlparse = [
    {file = "sqlparse-0.3.1-py2.py3-none-any.whl", hash = "sha256:022fb9c87b524d1f7862b3037e541f68597a730a8843245c349fc93e1643dc4e"},
    {file = "sqlparse-0.3.1.tar.gz", hash = "sha256:e162203737712307dfe78860cc56c8da8a852ab2ee33750e33aeadf38d12c548"},
]
urllib3 = [
    {file = "urllib3-1.25.10-py2.py3-none-any.whl", hash = "sha256:e7983572181f5e1522d9c98453462384ee92a0be7fac5f1413a1e35c56cc0461"},
    {file = "urllib3-1.25.10.tar.gz", hash = "sha256:91056c15fa70756691db97756772bb1eb9678fa585d9184f24534b100dc60f4a"},
]
